lockfileVersion: '9.0'

settings:
  autoInstallPeers: true
  excludeLinksFromLockfile: false

importers:

  .:
    dependencies:
      init:
        specifier: ^0.1.2
        version: 0.1.2
      koa-websocket:
        specifier: ^7.0.0
        version: 7.0.0
      pinia:
        specifier: ^2.3.1
        version: 2.3.1(vue@3.5.17)
      react-router-dom:
        specifier: ^7.1.3
        version: 7.6.3(react-dom@19.1.0(react@19.1.0))(react@19.1.0)
      vue-router:
        specifier: ^4.5.0
        version: 4.5.1(vue@3.5.17)
      vue-router-dom:
        specifier: ^1.0.0-beta.1
        version: 1.0.0-beta.1(vue@3.5.17)
      zarm:
        specifier: ^3.1.2
        version: 3.3.1(react-dom@19.1.0(react@19.1.0))(react@19.1.0)
    devDependencies:
      consola:
        specifier: ^3.4.0
        version: 3.4.2

packages:

  '@babel/helper-string-parser@7.27.1':
    resolution: {integrity: sha512-qMlSxKbpRlAridDExk92nSobyDdpPijUq2DW6oDnUqd0iOGxmQjyqhMIihI9+zv4LPyZdRje2cavWPbCbWm3eA==}
    engines: {node: '>=6.9.0'}

  '@babel/helper-validator-identifier@7.27.1':
    resolution: {integrity: sha512-D2hP9eA+Sqx1kBZgzxZh0y1trbuU+JoDkiEwqhQ36nodYqJwyEIhPSdMNd7lOm/4io72luTPWH20Yda0xOuUow==}
    engines: {node: '>=6.9.0'}

  '@babel/parser@7.28.0':
    resolution: {integrity: sha512-jVZGvOxOuNSsuQuLRTh13nU0AogFlw32w/MT+LV6D3sP5WdbW61E77RnkbaO2dUvmPAYrBDJXGn5gGS6tH4j8g==}
    engines: {node: '>=6.0.0'}
    hasBin: true

  '@babel/runtime@7.27.6':
    resolution: {integrity: sha512-vbavdySgbTTrmFE+EsiqUTzlOr5bzlnJtUv9PynGCAKvfQqjIXbvFdumPM/GxMDfyuGMJaJAU6TO4zc1Jf1i8Q==}
    engines: {node: '>=6.9.0'}

  '@babel/types@7.28.0':
    resolution: {integrity: sha512-jYnje+JyZG5YThjHiF28oT4SIZLnYOcSBb6+SDaFIyzDVSkXQmQQYclJ2R+YxcdmK0AX6x1E5OQNtuh3jHDrUg==}
    engines: {node: '>=6.9.0'}

  '@better-scroll/core@2.5.1':
    resolution: {integrity: sha512-koKOuYA55dQ04FJRIVUpMGDr1hbCfWmfX0MGp1hKagkQSWSRpwblqACiwtggVauoj9aaJRJZ9hDsTM4weaavlg==}

  '@better-scroll/indicators@2.5.1':
    resolution: {integrity: sha512-Hk+Y00pR6fTsu6C9HGg1yYZtsu1gAcTgcs4C9aM5h6fQANX/T2YIYrOSjZmdL+js2PTcXJWZS8VM4Xjoi1PbfQ==}

  '@better-scroll/infinity@2.5.1':
    resolution: {integrity: sha512-GKHrrasIh0KlGzhASHDo5hEEBJcDFpP4XaZGPH9Ey8+QBH6/O1ykAXS2ixkVAOTkBrv+KgFXoCUr4oN1xWeM+g==}

  '@better-scroll/mouse-wheel@2.5.1':
    resolution: {integrity: sha512-DGnrirRMY6zMM7xwgx09D/cA9A//3J1/uDkq8iBVEyE5p0sEr/keQpjEfFHGkBRa505BnbBwdbN6f5lugEDSPw==}

  '@better-scroll/movable@2.5.1':
    resolution: {integrity: sha512-8bLPRY15bbK4K5+tjrtdaKsFFKmJx72wRdg+xz3xQGFcTD940HFkJiORSOcz8Ufue7eOJfcmreQJBw6XY+TqTw==}

  '@better-scroll/nested-scroll@2.5.1':
    resolution: {integrity: sha512-3cRsARxf9tq1VWBq7YAaET0xGAmgY1ERMmnXDo2gHFrmsJoNOionlpAeHdZvKQp2jG7JrzJ1O27nGCXf40gnkw==}

  '@better-scroll/observe-dom@2.5.1':
    resolution: {integrity: sha512-TCMGFLRfpXBPIwtUV/efliUmfmrhSNI7NXdSyjdWjsLOS7dh3eFkmcom5ERVWMaXVELSmujGXLqobT+dT0C/jg==}

  '@better-scroll/observe-image@2.5.1':
    resolution: {integrity: sha512-0Lhfj83o8EESwOxr8bfStCzNOokTm3KB7JeyMS8u/xl+3tyTuls9889cyAukYk4Yly1cS49pCGfj2P8YOiwtUg==}

  '@better-scroll/pull-down@2.5.1':
    resolution: {integrity: sha512-Y6XcGu2NlevPg3k9VBRRFvpmfoTA+rO96JGdog2qKHclIPNXnsVwsIHtZfAm9weE/f9UuC4BnB+VUFRlucfupg==}

  '@better-scroll/pull-up@2.5.1':
    resolution: {integrity: sha512-1hu3xSMxdB8T391KffpNZ7g93lMwZEHjfb1F1Y4KvIkciDt8nXqkGpqrZF+YwR+EJTgYcWqUO8kgmI6XXu7Pkg==}

  '@better-scroll/scroll-bar@2.5.1':
    resolution: {integrity: sha512-i6r60pWG/ztkFK2j5Gj54I0LJb2jGh5TWJNQBoW0gUkp28B+0JvBFTwZn9tF7beZCBorKR7Hvvu4O9A1TJy94Q==}

  '@better-scroll/shared-utils@2.5.1':
    resolution: {integrity: sha512-AplkfSjXVYP9LZiD6JsKgmgQJ/mG4uuLmBuwLz8W5OsYc7AYTfN8kw6GqZ5OwCGoXkVhBGyd8NeC4xwYItp0aw==}

  '@better-scroll/slide@2.5.1':
    resolution: {integrity: sha512-aDOrfsmjAcz6DXN7mDX3tPieAn195R43Yn9e3waI19TIEok/mQlI1a/kb5quqWOoxkiaZQ8xe3vx5ZTj9C+F6Q==}

  '@better-scroll/wheel@2.5.1':
    resolution: {integrity: sha512-fYLcEvkh88Z/2L+P5/+SGMunuc+HzAjGOiORIa/x21qb/knO2RFH4A/V1Rt3OIW4QluWzuFnU6jJRPlsQVZ4fg==}

  '@better-scroll/zoom@2.5.1':
    resolution: {integrity: sha512-aGvFY5ooeZWS4RcxQLD+pGLpQHQxpPy0sMZV3yadcd2QK53PK9gS4Dp+BYfRv8lZ4/P2LoNEhr6Wq1DN6+uPlA==}

  '@floating-ui/core@1.7.2':
    resolution: {integrity: sha512-wNB5ooIKHQc+Kui96jE/n69rHFWAVoxn5CAzL1Xdd8FG03cgY3MLO+GF9U3W737fYDSgPWA6MReKhBQBop6Pcw==}

  '@floating-ui/dom@1.7.2':
    resolution: {integrity: sha512-7cfaOQuCS27HD7DX+6ib2OrnW+b4ZBwDNnCcT0uTyidcmyWb03FnQqJybDBoCnpdxwBSfA94UAYlRCt7mV+TbA==}

  '@floating-ui/react-dom-interactions@0.9.3':
    resolution: {integrity: sha512-oHwFLxySRtmhgwg7ZdWswvDDi+ld4mEtxu6ngOd7mRC5L1Rk6adjSfOBOHDxea+ItAWmds8m6A725sn1HQtUyQ==}
    deprecated: Package renamed to @floating-ui/react
    peerDependencies:
      react: '>=16.8.0'
      react-dom: '>=16.8.0'

  '@floating-ui/react-dom@1.3.0':
    resolution: {integrity: sha512-htwHm67Ji5E/pROEAr7f8IKFShuiCKHwUC/UY4vC3I5jiSvGFAYnSYiZO5MlGmads+QqvUkR9ANHEguGrDv72g==}
    peerDependencies:
      react: '>=16.8.0'
      react-dom: '>=16.8.0'

  '@floating-ui/utils@0.2.10':
    resolution: {integrity: sha512-aGTxbpbg8/b5JfU1HXSrbH3wXZuLPJcNEcZQFMxLs3oSzgtVu6nFPkbbGGUvBcUjKV2YyB9Wxxabo+HEH9tcRQ==}

  '@jridgewell/sourcemap-codec@1.5.4':
    resolution: {integrity: sha512-VT2+G1VQs/9oz078bLrYbecdZKs912zQlkelYpuf+SXF+QvZDYJlbx/LSx+meSAwdDFnF8FVXW92AVjjkVmgFw==}

  '@types/history@4.7.11':
    resolution: {integrity: sha512-qjDJRrmvBMiTx+jyLxvLfJU7UznFuokDv4f3WRuriHKERccVpFU+8XMQUAbDzoiJCsmexxRExQeMwwCdamSKDA==}

  '@use-gesture/core@10.3.1':
    resolution: {integrity: sha512-WcINiDt8WjqBdUXye25anHiNxPc0VOrlT8F6LLkU6cycrOGUDyY/yyFmsg3k8i5OLvv25llc0QC45GhR/C8llw==}

  '@use-gesture/react@10.3.1':
    resolution: {integrity: sha512-Yy19y6O2GJq8f7CHf7L0nxL8bf4PZCPaVOCgJrusOeFHY1LvHgYXnmnXg6N5iwAnbgbZCDjo60SiM6IPJi9C5g==}
    peerDependencies:
      react: '>= 16.8.0'

  '@vue/compiler-core@3.5.17':
    resolution: {integrity: sha512-Xe+AittLbAyV0pabcN7cP7/BenRBNcteM4aSDCtRvGw0d9OL+HG1u/XHLY/kt1q4fyMeZYXyIYrsHuPSiDPosA==}

  '@vue/compiler-dom@3.5.17':
    resolution: {integrity: sha512-+2UgfLKoaNLhgfhV5Ihnk6wB4ljyW1/7wUIog2puUqajiC29Lp5R/IKDdkebh9jTbTogTbsgB+OY9cEWzG95JQ==}

  '@vue/compiler-sfc@3.5.17':
    resolution: {integrity: sha512-rQQxbRJMgTqwRugtjw0cnyQv9cP4/4BxWfTdRBkqsTfLOHWykLzbOc3C4GGzAmdMDxhzU/1Ija5bTjMVrddqww==}

  '@vue/compiler-ssr@3.5.17':
    resolution: {integrity: sha512-hkDbA0Q20ZzGgpj5uZjb9rBzQtIHLS78mMilwrlpWk2Ep37DYntUz0PonQ6kr113vfOEdM+zTBuJDaceNIW0tQ==}

  '@vue/devtools-api@6.6.4':
    resolution: {integrity: sha512-sGhTPMuXqZ1rVOk32RylztWkfXTRhuS7vgAKv0zjqk8gbsHkJ7xfFf+jbySxt7tWObEJwyKaHMikV/WGDiQm8g==}

  '@vue/reactivity@3.5.17':
    resolution: {integrity: sha512-l/rmw2STIscWi7SNJp708FK4Kofs97zc/5aEPQh4bOsReD/8ICuBcEmS7KGwDj5ODQLYWVN2lNibKJL1z5b+Lw==}

  '@vue/runtime-core@3.5.17':
    resolution: {integrity: sha512-QQLXa20dHg1R0ri4bjKeGFKEkJA7MMBxrKo2G+gJikmumRS7PTD4BOU9FKrDQWMKowz7frJJGqBffYMgQYS96Q==}

  '@vue/runtime-dom@3.5.17':
    resolution: {integrity: sha512-8El0M60TcwZ1QMz4/os2MdlQECgGoVHPuLnQBU3m9h3gdNRW9xRmI8iLS4t/22OQlOE6aJvNNlBiCzPHur4H9g==}

  '@vue/server-renderer@3.5.17':
    resolution: {integrity: sha512-BOHhm8HalujY6lmC3DbqF6uXN/K00uWiEeF22LfEsm9Q93XeJ/plHTepGwf6tqFcF7GA5oGSSAAUock3VvzaCA==}
    peerDependencies:
      vue: 3.5.17

  '@vue/shared@3.5.17':
    resolution: {integrity: sha512-CabR+UN630VnsJO/jHWYBC1YVXyMq94KKp6iF5MQgZJs5I8cmjw6oVMO1oDbtBkENSHSSn/UadWlW/OAgdmKrg==}

  '@zarm-design/bem@0.0.9':
    resolution: {integrity: sha512-RKMH/wAsyvjEmUhWOAEfY3WICiqEMyJHUNGO6FNwJBnJ2J7TG2eUbFs3rLKN2VIpaOTpl0bspcAjhg+45wQJIw==}

  '@zarm-design/icons@0.1.15':
    resolution: {integrity: sha512-H57iDgngBtFyYEORKBjf9XB1qO/LSbI0/brm9aftPo1kcutXCeqLNnT0EOWCLipWv8ewsphJNpHj9QESfLVjsg==}

  ahooks@3.9.0:
    resolution: {integrity: sha512-r20/C38aFyU3Zqp3620gkdLnxmQhnmWORB3eGGTDlM4i/fOc0GUvM+f2oleMzEu7b3+pHXyzz+FB6ojxsUdYdw==}
    engines: {node: '>=8.0.0'}
    peerDependencies:
      react: ^16.8.0 || ^17.0.0 || ^18.0.0 || ^19.0.0
      react-dom: ^16.8.0 || ^17.0.0 || ^18.0.0 || ^19.0.0

  aria-hidden@1.2.6:
    resolution: {integrity: sha512-ik3ZgC9dY/lYVVM++OISsaYDeg1tb0VtP5uL3ouh1koGOaUMDPpbFIei4JkFimWUFPn90sbMNMXQAIVOlnYKJA==}
    engines: {node: '>=10'}

  better-scroll@2.3.1:
    resolution: {integrity: sha512-/J6HI8pWbrj3GzhJsXIlczogTuhlJIFVzhWWXXpDrm0Rbm1xHl1eVNHMaIESlXU2xNp57nTgInRqPPcdSm0xag==}

  camel-case@4.1.2:
    resolution: {integrity: sha512-gxGWBrTT1JuMx6R+o5PTXMmUnhnVzLQ9SNutD4YqKtI6ap897t3tKECYla6gCWEkplXnlNybEkZg9GEGxKFCgw==}

  capital-case@1.0.4:
    resolution: {integrity: sha512-ds37W8CytHgwnhGGTi88pcPyR15qoNkOpYwmMMfnWqqWgESapLqvDx6huFjQ5vqWSn2Z06173XNA7LtMOeUh1A==}

  change-case@4.1.2:
    resolution: {integrity: sha512-bSxY2ws9OtviILG1EiY5K7NNxkqg/JnRnFxLtKQ96JaviiIxi7djMrSd0ECT9AC+lttClmYwKw53BWpOMblo7A==}

  classnames@2.5.1:
    resolution: {integrity: sha512-saHYOzhIQs6wy2sVxTM6bUDsQO4F50V9RQ22qBpEdCW+I+/Wmke2HOl6lS6dTpdxVhb88/I6+Hs+438c3lfUow==}

  co@4.6.0:
    resolution: {integrity: sha512-QVb0dM5HvG+uaxitm8wONl7jltx8dqhfU33DcqtOZcLSVIKSDDLDi7+0LbAKiyI8hD9u42m2YxXSkMGWThaecQ==}
    engines: {iojs: '>= 1.0.0', node: '>= 0.12.0'}

  color-convert@1.9.3:
    resolution: {integrity: sha512-QfAUtd+vFdAtFQcC8CCyYt1fYWxSqAiK2cSD6zDB8N3cpsEBAvRxp9zOGg6G/SHHJYAT88/az/IuDGALsNVbGg==}

  color-name@1.1.3:
    resolution: {integrity: sha512-72fSenhMw2HZMTVHeCA9KCmpEIbzWiQsjN+BHcBbS9vr1mtt+vJjPdksIBNUmKAW8TFUDPJK5SUU3QhE9NEXDw==}

  color-name@1.1.4:
    resolution: {integrity: sha512-dOy+3AuW3a2wNbZHIuMZpTcgjGuLU/uBL/ubcZF9OXbDo8ff4O8yVp5Bf0efS8uEoYo5q4Fx7dY9OgQGXgAsQA==}

  color-string@1.9.1:
    resolution: {integrity: sha512-shrVawQFojnZv6xM40anx4CkoDP+fZsw/ZerEMsW/pyzsRbElpsL/DBVW7q3ExxwusdNXI3lXpuhEZkzs8p5Eg==}

  color@3.2.1:
    resolution: {integrity: sha512-aBl7dZI9ENN6fUGC7mWpMTPNHmWUSNan9tuWN6ahh5ZLNk9baLJOnSMlrQkHcrfFgz2/RigjUVAjdx36VcemKA==}

  consola@3.4.2:
    resolution: {integrity: sha512-5IKcdX0nnYavi6G7TtOhwkYzyjfJlatbjMjuLSfE2kYT5pMDOilZ4OvMhi637CcDICTmz3wARPoyhqyX1Y+XvA==}
    engines: {node: ^14.18.0 || >=16.10.0}

  constant-case@3.0.4:
    resolution: {integrity: sha512-I2hSBi7Vvs7BEuJDr5dDHfzb/Ruj3FyvFyh7KLilAjNQw3Be+xgqUBA2W6scVEcL0hL1dwPRtIqEPVUCKkSsyQ==}

  cookie@1.0.2:
    resolution: {integrity: sha512-9Kr/j4O16ISv8zBBhJoi4bXOYNTkFLOqSL3UDB0njXxCXNezjeyVrJyGOWtgfs/q2km1gwBcfH8q1yEGoMYunA==}
    engines: {node: '>=18'}

  csstype@3.1.3:
    resolution: {integrity: sha512-M1uQkMl8rQK/szD0LNhtqxIPLpimGm8sOBwU7lLnCpSbTyY3yeU1Vc7l4KT5zT4s/yOxHH5O7tIuuLOCnLADRw==}

  daemon@1.1.0:
    resolution: {integrity: sha512-1vX9YVcP21gt12nSD3SQRC/uPU7fyA6M8qyClTBIFuiRWoylFn57PwXhjBAqRl085bZAje7sILhZU48qcS9SWw==}
    engines: {node: '>= 0.8.0'}

  dayjs@1.11.13:
    resolution: {integrity: sha512-oaMBel6gjolK862uaPQOVTA7q3TZhuSvuMQAAglQDOWYO9A91IrAOUJEyKVlqJlHE0vq5p5UXxzdPfMH/x6xNg==}

  debug@4.4.1:
    resolution: {integrity: sha512-KcKCqiftBJcZr++7ykoDIEwSa3XWowTfNPo92BYxjXiyYEVrUQh2aLyhxBCwww+heortUFxEJYcRzosstTEBYQ==}
    engines: {node: '>=6.0'}
    peerDependencies:
      supports-color: '*'
    peerDependenciesMeta:
      supports-color:
        optional: true

  dom-helpers@5.2.1:
    resolution: {integrity: sha512-nRCa7CK3VTrM2NmGkIy4cbK7IZlgBE/PYMn55rrXefr5xXDP0LdtfPnblFDoVdcAfslJ7or6iqAUnx0CCGIWQA==}

  dot-case@3.0.4:
    resolution: {integrity: sha512-Kv5nKlh6yRrdrGvxeJ2e5y2eRUpkUosIW4A2AS38zwSz27zu7ufDwQPi5Jhs3XAlGNetl3bmnGhQsMtkKJnj3w==}

  entities@4.5.0:
    resolution: {integrity: sha512-V0hjH4dGPh9Ao5p0MoRY6BVqtwCjhz6vI5LT8AJ55H+4g9/4vbHx1I54fS0XuclLhDHArPQCiMjDxjaL8fPxhw==}
    engines: {node: '>=0.12'}

  estree-walker@2.0.2:
    resolution: {integrity: sha512-Rfkk/Mp/DL7JVje3u18FxFujQlTNR2q6QfMSMB7AvCBx91NGj/ba3kCfza0f6dVDbw7YlRf/nDrn7pQrCCyQ/w==}

  header-case@2.0.4:
    resolution: {integrity: sha512-H/vuk5TEEVZwrR0lp2zed9OCo1uAILMlx0JEMgC26rzyJJ3N1v6XkwHHXJQdR2doSjcGPM6OKPYoJgf0plJ11Q==}

  history@5.3.0:
    resolution: {integrity: sha512-ZqaKwjjrAYUYfLG+htGaIIZ4nioX2L70ZUMIFysS3xvBsSG4x/n1V6TXV3N8ZYNuFGlDirFg32T7B6WOUPDYcQ==}

  init@0.1.2:
    resolution: {integrity: sha512-IvHUjULS2q+BXJdiu4FHkByh3+qSFmkOXQ2ItSfYTtkdUksQc0yNX6f1uDyokzRV71tjpFsFc3ckeYLJXunTGw==}
    engines: {node: '>=0.4.7'}

  intersection-observer@0.12.2:
    resolution: {integrity: sha512-7m1vEcPCxXYI8HqnL8CKI6siDyD+eIWSwgB3DZA+ZTogxk9I4CDnj4wilt9x/+/QbHI4YG5YZNmC6458/e9Ktg==}

  is-arrayish@0.3.2:
    resolution: {integrity: sha512-eVRqCvVlZbuw3GrM63ovNSNAeA1K16kaR/LRY/92w0zxQ5/1YzwblUX652i4Xs9RwAGjW9d9y6X88t8OaAJfWQ==}

  js-cookie@3.0.5:
    resolution: {integrity: sha512-cEiJEAEoIbWfCZYKWhVwFuvPX1gETRYPw6LlaTKoxD3s2AkXzkCjnp6h0V77ozyqj0jakteJ4YqDJT830+lVGw==}
    engines: {node: '>=14'}

  js-tokens@4.0.0:
    resolution: {integrity: sha512-RdJUflcE3cUzKiMqQgsCu06FPu9UdIJO0beYbPhHN4k6apgJtifcoCtT9bcxOpYBtpD2kCM6Sbzg4CausW/PKQ==}

  koa-compose@4.1.0:
    resolution: {integrity: sha512-8ODW8TrDuMYvXRwra/Kh7/rJo9BtOfPc6qO8eAfC80CnCvSjSl0bkRM24X6/XBBEyj0v1nRUQ1LyOy3dbqOWXw==}

  koa-websocket@7.0.0:
    resolution: {integrity: sha512-MsHUFKqA4+j+0dpPKWtsvZfnpQ1NcgF+AaTZQZ4B3Xj/cWK31qqmKx9HnA5Gw1LV2aIDzqwy0IDBsZYRurTUAg==}

  lodash@4.17.21:
    resolution: {integrity: sha512-v2kDEe57lecTulaDIuNTPy3Ry4gLGJ6Z1O3vE1krgXZNrsQ+LFTGHVxVjcXPs17LhbZVGedAJv8XZ1tvj5FvSg==}

  loose-envify@1.4.0:
    resolution: {integrity: sha512-lyuxPGr/Wfhrlem2CL/UcnUc1zcqKAImBDzukY7Y5F/yQiNdko6+fRLevlw1HgMySw7f611UIY408EtxRSoK3Q==}
    hasBin: true

  lower-case@2.0.2:
    resolution: {integrity: sha512-7fm3l3NAF9WfN6W3JOmf5drwpVqX78JtoGJ3A6W0a6ZnldM41w2fV5D490psKFTpMds8TJse/eHLFFsNHHjHgg==}

  magic-string@0.30.17:
    resolution: {integrity: sha512-sNPKHvyjVf7gyjwS4xGTaW/mCnF8wnjtifKBEhxfZ7E/S8tQ0rssrwGNn6q8JH/ohItJfSQp9mBtQYuTlH5QnA==}

  ms@2.1.3:
    resolution: {integrity: sha512-6FlzubTLZG3J2a/NVCAleEhjzq5oxgHyaCU9yYXvcLsvoVaHJq/s5xXI6/XXP6tz7R9xAOtHnSO/tXtF3WRTlA==}

  nanoid@3.3.11:
    resolution: {integrity: sha512-N8SpfPUnUp1bK+PMYW8qSWdl9U+wwNWI4QKxOYDy9JAro3WMX7p2OeVRF9v+347pnakNevPmiHhNmZ2HbFA76w==}
    engines: {node: ^10 || ^12 || ^13.7 || ^14 || >=15.0.1}
    hasBin: true

  no-case@3.0.4:
    resolution: {integrity: sha512-fgAN3jGAh+RoxUGZHTSOLJIqUc2wmoBwGR4tbpNAKmmovFoWq0OdRkb0VkldReO2a2iBT/OEulG9XSUc10r3zg==}

  normalize.css@8.0.1:
    resolution: {integrity: sha512-qizSNPO93t1YUuUhP22btGOo3chcvDFqFaj2TRybP0DMxkHOCTYwp3n34fel4a31ORXy4m1Xq0Gyqpb5m33qIg==}

  object-assign@4.1.1:
    resolution: {integrity: sha512-rJgTQnkUnH1sFw8yT6VSU3zD3sWmu6sZhIseY8VX+GRu3P6F7Fu+JNDoXfklElbLJSnc3FUQHVe4cU5hj+BcUg==}
    engines: {node: '>=0.10.0'}

  param-case@3.0.4:
    resolution: {integrity: sha512-RXlj7zCYokReqWpOPH9oYivUzLYZ5vAPIfEmCTNViosC78F8F0H9y7T7gG2M39ymgutxF5gcFEsyZQSph9Bp3A==}

  pascal-case@3.1.2:
    resolution: {integrity: sha512-uWlGT3YSnK9x3BQJaOdcZwrnV6hPpd8jFH1/ucpiLRPh/2zCVJKS19E4GvYHvaCcACn3foXZ0cLB9Wrx1KGe5g==}

  path-case@3.0.4:
    resolution: {integrity: sha512-qO4qCFjXqVTrcbPt/hQfhTQ+VhFsqNKOPtytgNKkKxSoEp3XPUQ8ObFuePylOIok5gjn69ry8XiULxCwot3Wfg==}

  performance-now@2.1.0:
    resolution: {integrity: sha512-7EAHlyLHI56VEIdK57uwHdHKIaAGbnXPiw0yWbarQZOKaKpvUIgW0jWRVLiatnM+XXlSwsanIBH/hzGMJulMow==}

  picocolors@1.1.1:
    resolution: {integrity: sha512-xceH2snhtb5M9liqDsmEw56le376mTZkEX/jEb/RxNFyegNul7eNslCXP9FDj/Lcu0X8KEyMceP2ntpaHrDEVA==}

  pinia@2.3.1:
    resolution: {integrity: sha512-khUlZSwt9xXCaTbbxFYBKDc/bWAGWJjOgvxETwkTN7KRm66EeT1ZdZj6i2ceh9sP2Pzqsbc704r2yngBrxBVug==}
    peerDependencies:
      typescript: '>=4.4.4'
      vue: ^2.7.0 || ^3.5.11
    peerDependenciesMeta:
      typescript:
        optional: true

  postcss@8.5.6:
    resolution: {integrity: sha512-3Ybi1tAuwAP9s0r1UQ2J4n5Y0G05bJkpUIO0/bI9MhwmD70S5aTWbXGBwxHrelT+XM1k6dM0pk+SwNkpTRN7Pg==}
    engines: {node: ^10 || ^12 || >=14}

  prop-types@15.8.1:
    resolution: {integrity: sha512-oj87CgZICdulUohogVAR7AjlC0327U4el4L6eAvOqCeudMDVU0NThNaV+b9Df4dXgSP1gXMTnPdhfe/2qDH5cg==}

  raf@3.4.1:
    resolution: {integrity: sha512-Sq4CW4QhwOHE8ucn6J34MqtZCeWFP2aQSmrlroYgqAV1PjStIhJXxYuTgUIfkEk7zTLjmIjLmU5q+fbD1NnOJA==}

  react-dom@19.1.0:
    resolution: {integrity: sha512-Xs1hdnE+DyKgeHJeJznQmYMIBG3TKIHJJT95Q58nHLSrElKlGQqDTR2HQ9fx5CN/Gk6Vh/kupBTDLU11/nDk/g==}
    peerDependencies:
      react: ^19.1.0

  react-fast-compare@3.2.2:
    resolution: {integrity: sha512-nsO+KSNgo1SbJqJEYRE9ERzo7YtYbou/OqjSQKxV7jcKox7+usiUVZOAC+XnDOABXggQTno0Y1CpVnuWEc1boQ==}

  react-is@16.13.1:
    resolution: {integrity: sha512-24e6ynE2H+OKt4kqsOvNd8kBpV65zoxbA4BVsEOB3ARVWQki/DHzaUoC5KuON/BiccDaCCTZBuOcfZs70kR8bQ==}

  react-router-dom@7.6.3:
    resolution: {integrity: sha512-DiWJm9qdUAmiJrVWaeJdu4TKu13+iB/8IEi0EW/XgaHCjW/vWGrwzup0GVvaMteuZjKnh5bEvJP/K0MDnzawHw==}
    engines: {node: '>=20.0.0'}
    peerDependencies:
      react: '>=18'
      react-dom: '>=18'

  react-router@7.6.3:
    resolution: {integrity: sha512-zf45LZp5skDC6I3jDLXQUu0u26jtuP4lEGbc7BbdyxenBN1vJSTA18czM2D+h5qyMBuMrD+9uB+mU37HIoKGRA==}
    engines: {node: '>=20.0.0'}
    peerDependencies:
      react: '>=18'
      react-dom: '>=18'
    peerDependenciesMeta:
      react-dom:
        optional: true

  react-transition-group@4.4.5:
    resolution: {integrity: sha512-pZcd1MCJoiKiBR2NRxeCRg13uCXbydPnmB4EOeRrY7480qNWO8IIgQG6zlDkm6uRMsURXPuKq0GWtiM59a5Q6g==}
    peerDependencies:
      react: '>=16.6.0'
      react-dom: '>=16.6.0'

  react@19.1.0:
    resolution: {integrity: sha512-FS+XFBNvn3GTAWq26joslQgWNoFu08F4kl0J4CgdNKADkdSGXQyTCnKteIAJy96Br6YbpEU1LSzV5dYtjMkMDg==}
    engines: {node: '>=0.10.0'}

  resize-observer-polyfill@1.5.1:
    resolution: {integrity: sha512-LwZrotdHOo12nQuZlHEmtuXdqGoOD0OhaxopaNFxWzInpEgaLWoVuAMbTzixuosCx2nEG58ngzW3vxdWoxIgdg==}

  scheduler@0.26.0:
    resolution: {integrity: sha512-NlHwttCI/l5gCPR3D1nNXtWABUmBwvZpEQiD4IXSbIDq8BzLIK/7Ir5gTFSGZDUu37K5cMNp0hFtzO38sC7gWA==}

  screenfull@5.2.0:
    resolution: {integrity: sha512-9BakfsO2aUQN2K9Fdbj87RJIEZ82Q9IGim7FqM5OsebfoFC6ZHXgDq/KvniuLTPdeM8wY2o6Dj3WQ7KeQCj3cA==}
    engines: {node: '>=0.10.0'}

  sentence-case@3.0.4:
    resolution: {integrity: sha512-8LS0JInaQMCRoQ7YUytAo/xUu5W2XnQxV2HI/6uM6U7CITS1RqPElr30V6uIqyMKM9lJGRVFy5/4CuzcixNYSg==}

  set-cookie-parser@2.7.1:
    resolution: {integrity: sha512-IOc8uWeOZgnb3ptbCURJWNjWUPcO3ZnTTdzsurqERrP6nPyv+paC55vJM0LpOlT2ne+Ix+9+CRG1MNLlyZ4GjQ==}

  simple-swizzle@0.2.2:
    resolution: {integrity: sha512-JA//kQgZtbuY83m+xT+tXJkmJncGMTFT+C+g2h2R9uxkYIrE2yy9sgmcLhCnw57/WSD+Eh3J97FPEDFnbXnDUg==}

  snake-case@3.0.4:
    resolution: {integrity: sha512-LAOh4z89bGQvl9pFfNF8V146i7o7/CqFPbqzYgP+yYzDIDeS9HaNFtXABamRW+AQzEVODcvE79ljJ+8a9YSdMg==}

  source-map-js@1.2.1:
    resolution: {integrity: sha512-UXWMKhLOwVKb728IUtQPXxfYU+usdybtUrK/8uGE8CQMvrhOpwvzDBwj0QhSL7MQc7vIsISBG8VQ8+IDQxpfQA==}
    engines: {node: '>=0.10.0'}

  tslib@2.8.1:
    resolution: {integrity: sha512-oJFu94HQb+KVduSUQL7wnpmqnfmLsOA/nAh6b6EH0wCEoK0/mPeXU6c3wKDV83MkOuHPRHtSXKKU99IBazS/2w==}

  upper-case-first@2.0.2:
    resolution: {integrity: sha512-514ppYHBaKwfJRK/pNC6c/OxfGa0obSnAl106u97Ed0I625Nin96KAjttZF6ZL3e1XLtphxnqrOi9iWgm+u+bg==}

  upper-case@2.0.2:
    resolution: {integrity: sha512-KgdgDGJt2TpuwBUIjgG6lzw2GWFRCW9Qkfkiv0DxqHHLYJHmtmdUIKcZd8rHgFSjopVTlw6ggzCm1b8MFQwikg==}

  vue-demi@0.14.10:
    resolution: {integrity: sha512-nMZBOwuzabUO0nLgIcc6rycZEebF6eeUfaiQx9+WSk8e29IbLvPU9feI6tqW4kTo3hvoYAJkMh8n8D0fuISphg==}
    engines: {node: '>=12'}
    hasBin: true
    peerDependencies:
      '@vue/composition-api': ^1.0.0-rc.1
      vue: ^3.0.0-0 || ^2.6.0
    peerDependenciesMeta:
      '@vue/composition-api':
        optional: true

  vue-router-dom@1.0.0-beta.1:
    resolution: {integrity: sha512-92fL0iEiuDV5hltdcYJrkaXpzjDAvewkwG26PkkGUBhTssDeC3AsuG0iMF7AI9hjVZKW/AzYgNRj1Xfhgy2f5A==}
    peerDependencies:
      vue: '>=3.0.0-alpha.0'

  vue-router@4.5.1:
    resolution: {integrity: sha512-ogAF3P97NPm8fJsE4by9dwSYtDwXIY1nFY9T6DyQnGHd1E2Da94w9JIolpe42LJGIl0DwOHBi8TcRPlPGwbTtw==}
    peerDependencies:
      vue: ^3.2.0

  vue@3.5.17:
    resolution: {integrity: sha512-LbHV3xPN9BeljML+Xctq4lbz2lVHCR6DtbpTf5XIO6gugpXUN49j2QQPcMj086r9+AkJ0FfUT8xjulKKBkkr9g==}
    peerDependencies:
      typescript: '*'
    peerDependenciesMeta:
      typescript:
        optional: true

  ws@8.18.3:
    resolution: {integrity: sha512-PEIGCY5tSlUt50cqyMXfCzX+oOPqN0vuGqWzbcJ2xvnkzkq46oOpz7dQaTDBdfICb4N14+GARUDw2XV2N4tvzg==}
    engines: {node: '>=10.0.0'}
    peerDependencies:
      bufferutil: ^4.0.1
      utf-8-validate: '>=5.0.2'
    peerDependenciesMeta:
      bufferutil:
        optional: true
      utf-8-validate:
        optional: true

  zarm@3.3.1:
    resolution: {integrity: sha512-m4vGcyWxEEW4rVqpfScEEsP5F35RjC5NGb9EYZsuiXSe5fTPhOkUbPVMsflVzu1UyR21cvqL6BRZuLtUq3AGPg==}
    peerDependencies:
      react: '>=16.8.0'
      react-dom: '>=16.8.0'

snapshots:

  '@babel/helper-string-parser@7.27.1': {}

  '@babel/helper-validator-identifier@7.27.1': {}

  '@babel/parser@7.28.0':
    dependencies:
      '@babel/types': 7.28.0

  '@babel/runtime@7.27.6': {}

  '@babel/types@7.28.0':
    dependencies:
      '@babel/helper-string-parser': 7.27.1
      '@babel/helper-validator-identifier': 7.27.1

  '@better-scroll/core@2.5.1':
    dependencies:
      '@better-scroll/shared-utils': 2.5.1

  '@better-scroll/indicators@2.5.1':
    dependencies:
      '@better-scroll/core': 2.5.1

  '@better-scroll/infinity@2.5.1':
    dependencies:
      '@better-scroll/core': 2.5.1

  '@better-scroll/mouse-wheel@2.5.1':
    dependencies:
      '@better-scroll/core': 2.5.1

  '@better-scroll/movable@2.5.1':
    dependencies:
      '@better-scroll/core': 2.5.1

  '@better-scroll/nested-scroll@2.5.1':
    dependencies:
      '@better-scroll/core': 2.5.1

  '@better-scroll/observe-dom@2.5.1':
    dependencies:
      '@better-scroll/core': 2.5.1

  '@better-scroll/observe-image@2.5.1':
    dependencies:
      '@better-scroll/core': 2.5.1

  '@better-scroll/pull-down@2.5.1':
    dependencies:
      '@better-scroll/core': 2.5.1

  '@better-scroll/pull-up@2.5.1':
    dependencies:
      '@better-scroll/core': 2.5.1

  '@better-scroll/scroll-bar@2.5.1':
    dependencies:
      '@better-scroll/core': 2.5.1

  '@better-scroll/shared-utils@2.5.1': {}

  '@better-scroll/slide@2.5.1':
    dependencies:
      '@better-scroll/core': 2.5.1

  '@better-scroll/wheel@2.5.1':
    dependencies:
      '@better-scroll/core': 2.5.1

  '@better-scroll/zoom@2.5.1':
    dependencies:
      '@better-scroll/core': 2.5.1

  '@floating-ui/core@1.7.2':
    dependencies:
      '@floating-ui/utils': 0.2.10

  '@floating-ui/dom@1.7.2':
    dependencies:
      '@floating-ui/core': 1.7.2
      '@floating-ui/utils': 0.2.10

  '@floating-ui/react-dom-interactions@0.9.3(react-dom@19.1.0(react@19.1.0))(react@19.1.0)':
    dependencies:
      '@floating-ui/react-dom': 1.3.0(react-dom@19.1.0(react@19.1.0))(react@19.1.0)
      aria-hidden: 1.2.6
      react: 19.1.0
      react-dom: 19.1.0(react@19.1.0)

  '@floating-ui/react-dom@1.3.0(react-dom@19.1.0(react@19.1.0))(react@19.1.0)':
    dependencies:
      '@floating-ui/dom': 1.7.2
      react: 19.1.0
      react-dom: 19.1.0(react@19.1.0)

  '@floating-ui/utils@0.2.10': {}

  '@jridgewell/sourcemap-codec@1.5.4': {}

  '@types/history@4.7.11': {}

  '@use-gesture/core@10.3.1': {}

  '@use-gesture/react@10.3.1(react@19.1.0)':
    dependencies:
      '@use-gesture/core': 10.3.1
      react: 19.1.0

  '@vue/compiler-core@3.5.17':
    dependencies:
      '@babel/parser': 7.28.0
      '@vue/shared': 3.5.17
      entities: 4.5.0
      estree-walker: 2.0.2
      source-map-js: 1.2.1

  '@vue/compiler-dom@3.5.17':
    dependencies:
      '@vue/compiler-core': 3.5.17
      '@vue/shared': 3.5.17

  '@vue/compiler-sfc@3.5.17':
    dependencies:
      '@babel/parser': 7.28.0
      '@vue/compiler-core': 3.5.17
      '@vue/compiler-dom': 3.5.17
      '@vue/compiler-ssr': 3.5.17
      '@vue/shared': 3.5.17
      estree-walker: 2.0.2
      magic-string: 0.30.17
      postcss: 8.5.6
      source-map-js: 1.2.1

  '@vue/compiler-ssr@3.5.17':
    dependencies:
      '@vue/compiler-dom': 3.5.17
      '@vue/shared': 3.5.17

  '@vue/devtools-api@6.6.4': {}

  '@vue/reactivity@3.5.17':
    dependencies:
      '@vue/shared': 3.5.17

  '@vue/runtime-core@3.5.17':
    dependencies:
      '@vue/reactivity': 3.5.17
      '@vue/shared': 3.5.17

  '@vue/runtime-dom@3.5.17':
    dependencies:
      '@vue/reactivity': 3.5.17
      '@vue/runtime-core': 3.5.17
      '@vue/shared': 3.5.17
      csstype: 3.1.3

  '@vue/server-renderer@3.5.17(vue@3.5.17)':
    dependencies:
      '@vue/compiler-ssr': 3.5.17
      '@vue/shared': 3.5.17
      vue: 3.5.17

  '@vue/shared@3.5.17': {}

  '@zarm-design/bem@0.0.9': {}

  '@zarm-design/icons@0.1.15':
    dependencies:
      '@babel/runtime': 7.27.6
      '@zarm-design/bem': 0.0.9
      change-case: 4.1.2

  ahooks@3.9.0(react-dom@19.1.0(react@19.1.0))(react@19.1.0):
    dependencies:
      '@babel/runtime': 7.27.6
      dayjs: 1.11.13
      intersection-observer: 0.12.2
      js-cookie: 3.0.5
      lodash: 4.17.21
      react: 19.1.0
      react-dom: 19.1.0(react@19.1.0)
      react-fast-compare: 3.2.2
      resize-observer-polyfill: 1.5.1
      screenfull: 5.2.0
      tslib: 2.8.1

  aria-hidden@1.2.6:
    dependencies:
      tslib: 2.8.1

  better-scroll@2.3.1:
    dependencies:
      '@better-scroll/core': 2.5.1
      '@better-scroll/indicators': 2.5.1
      '@better-scroll/infinity': 2.5.1
      '@better-scroll/mouse-wheel': 2.5.1
      '@better-scroll/movable': 2.5.1
      '@better-scroll/nested-scroll': 2.5.1
      '@better-scroll/observe-dom': 2.5.1
      '@better-scroll/observe-image': 2.5.1
      '@better-scroll/pull-down': 2.5.1
      '@better-scroll/pull-up': 2.5.1
      '@better-scroll/scroll-bar': 2.5.1
      '@better-scroll/slide': 2.5.1
      '@better-scroll/wheel': 2.5.1
      '@better-scroll/zoom': 2.5.1

  camel-case@4.1.2:
    dependencies:
      pascal-case: 3.1.2
      tslib: 2.8.1

  capital-case@1.0.4:
    dependencies:
      no-case: 3.0.4
      tslib: 2.8.1
      upper-case-first: 2.0.2

  change-case@4.1.2:
    dependencies:
      camel-case: 4.1.2
      capital-case: 1.0.4
      constant-case: 3.0.4
      dot-case: 3.0.4
      header-case: 2.0.4
      no-case: 3.0.4
      param-case: 3.0.4
      pascal-case: 3.1.2
      path-case: 3.0.4
      sentence-case: 3.0.4
      snake-case: 3.0.4
      tslib: 2.8.1

  classnames@2.5.1: {}

  co@4.6.0: {}

  color-convert@1.9.3:
    dependencies:
      color-name: 1.1.3

  color-name@1.1.3: {}

  color-name@1.1.4: {}

  color-string@1.9.1:
    dependencies:
      color-name: 1.1.4
      simple-swizzle: 0.2.2

  color@3.2.1:
    dependencies:
      color-convert: 1.9.3
      color-string: 1.9.1

  consola@3.4.2: {}

  constant-case@3.0.4:
    dependencies:
      no-case: 3.0.4
      tslib: 2.8.1
      upper-case: 2.0.2

  cookie@1.0.2: {}

  csstype@3.1.3: {}

  daemon@1.1.0: {}

  dayjs@1.11.13: {}

  debug@4.4.1:
    dependencies:
      ms: 2.1.3

  dom-helpers@5.2.1:
    dependencies:
      '@babel/runtime': 7.27.6
      csstype: 3.1.3

  dot-case@3.0.4:
    dependencies:
      no-case: 3.0.4
      tslib: 2.8.1

  entities@4.5.0: {}

  estree-walker@2.0.2: {}

  header-case@2.0.4:
    dependencies:
      capital-case: 1.0.4
      tslib: 2.8.1

  history@5.3.0:
    dependencies:
      '@babel/runtime': 7.27.6

  init@0.1.2:
    dependencies:
      daemon: 1.1.0

  intersection-observer@0.12.2: {}

  is-arrayish@0.3.2: {}

  js-cookie@3.0.5: {}

  js-tokens@4.0.0: {}

  koa-compose@4.1.0: {}

  koa-websocket@7.0.0:
    dependencies:
      co: 4.6.0
      debug: 4.4.1
      koa-compose: 4.1.0
      ws: 8.18.3
    transitivePeerDependencies:
      - bufferutil
      - supports-color
      - utf-8-validate

  lodash@4.17.21: {}

  loose-envify@1.4.0:
    dependencies:
      js-tokens: 4.0.0

  lower-case@2.0.2:
    dependencies:
      tslib: 2.8.1

  magic-string@0.30.17:
    dependencies:
      '@jridgewell/sourcemap-codec': 1.5.4

  ms@2.1.3: {}

  nanoid@3.3.11: {}

  no-case@3.0.4:
    dependencies:
      lower-case: 2.0.2
      tslib: 2.8.1

  normalize.css@8.0.1: {}

  object-assign@4.1.1: {}

  param-case@3.0.4:
    dependencies:
      dot-case: 3.0.4
      tslib: 2.8.1

  pascal-case@3.1.2:
    dependencies:
      no-case: 3.0.4
      tslib: 2.8.1

  path-case@3.0.4:
    dependencies:
      dot-case: 3.0.4
      tslib: 2.8.1

  performance-now@2.1.0: {}

  picocolors@1.1.1: {}

  pinia@2.3.1(vue@3.5.17):
    dependencies:
      '@vue/devtools-api': 6.6.4
      vue: 3.5.17
      vue-demi: 0.14.10(vue@3.5.17)
    transitivePeerDependencies:
      - '@vue/composition-api'

  postcss@8.5.6:
    dependencies:
      nanoid: 3.3.11
      picocolors: 1.1.1
      source-map-js: 1.2.1

  prop-types@15.8.1:
    dependencies:
      loose-envify: 1.4.0
      object-assign: 4.1.1
      react-is: 16.13.1

  raf@3.4.1:
    dependencies:
      performance-now: 2.1.0

  react-dom@19.1.0(react@19.1.0):
    dependencies:
      react: 19.1.0
      scheduler: 0.26.0

  react-fast-compare@3.2.2: {}

  react-is@16.13.1: {}

  react-router-dom@7.6.3(react-dom@19.1.0(react@19.1.0))(react@19.1.0):
    dependencies:
      react: 19.1.0
      react-dom: 19.1.0(react@19.1.0)
      react-router: 7.6.3(react-dom@19.1.0(react@19.1.0))(react@19.1.0)

  react-router@7.6.3(react-dom@19.1.0(react@19.1.0))(react@19.1.0):
    dependencies:
      cookie: 1.0.2
      react: 19.1.0
      set-cookie-parser: 2.7.1
    optionalDependencies:
      react-dom: 19.1.0(react@19.1.0)

  react-transition-group@4.4.5(react-dom@19.1.0(react@19.1.0))(react@19.1.0):
    dependencies:
      '@babel/runtime': 7.27.6
      dom-helpers: 5.2.1
      loose-envify: 1.4.0
      prop-types: 15.8.1
      react: 19.1.0
      react-dom: 19.1.0(react@19.1.0)

  react@19.1.0: {}

  resize-observer-polyfill@1.5.1: {}

  scheduler@0.26.0: {}

  screenfull@5.2.0: {}

  sentence-case@3.0.4:
    dependencies:
      no-case: 3.0.4
      tslib: 2.8.1
      upper-case-first: 2.0.2

  set-cookie-parser@2.7.1: {}

  simple-swizzle@0.2.2:
    dependencies:
      is-arrayish: 0.3.2

  snake-case@3.0.4:
    dependencies:
      dot-case: 3.0.4
      tslib: 2.8.1

  source-map-js@1.2.1: {}

  tslib@2.8.1: {}

  upper-case-first@2.0.2:
    dependencies:
      tslib: 2.8.1

  upper-case@2.0.2:
    dependencies:
      tslib: 2.8.1

  vue-demi@0.14.10(vue@3.5.17):
    dependencies:
      vue: 3.5.17

  vue-router-dom@1.0.0-beta.1(vue@3.5.17):
    dependencies:
      '@types/history': 4.7.11
      history: 5.3.0
      vue: 3.5.17

  vue-router@4.5.1(vue@3.5.17):
    dependencies:
      '@vue/devtools-api': 6.6.4
      vue: 3.5.17

  vue@3.5.17:
    dependencies:
      '@vue/compiler-dom': 3.5.17
      '@vue/compiler-sfc': 3.5.17
      '@vue/runtime-dom': 3.5.17
      '@vue/server-renderer': 3.5.17(vue@3.5.17)
      '@vue/shared': 3.5.17

  ws@8.18.3: {}

  zarm@3.3.1(react-dom@19.1.0(react@19.1.0))(react@19.1.0):
    dependencies:
      '@floating-ui/react-dom-interactions': 0.9.3(react-dom@19.1.0(react@19.1.0))(react@19.1.0)
      '@use-gesture/react': 10.3.1(react@19.1.0)
      '@zarm-design/bem': 0.0.9
      '@zarm-design/icons': 0.1.15
      ahooks: 3.9.0(react-dom@19.1.0(react@19.1.0))(react@19.1.0)
      better-scroll: 2.3.1
      classnames: 2.5.1
      color: 3.2.1
      dayjs: 1.11.13
      intersection-observer: 0.12.2
      lodash: 4.17.21
      normalize.css: 8.0.1
      raf: 3.4.1
      react: 19.1.0
      react-dom: 19.1.0(react@19.1.0)
      react-transition-group: 4.4.5(react-dom@19.1.0(react@19.1.0))(react@19.1.0)
